
Microsoft Visual Studio Solution File, Format Version 12.00
# Visual Studio Version 17
VisualStudioVersion = 17.9.34728.123
MinimumVisualStudioVersion = 10.0.40219.1
Project("{9A19103F-16F7-4668-BE54-9A1E7A4F7556}") = "DynamicMapEngine", "DynamicMapEngine.csproj", "{B2A2860E-2891-48D4-9341-6AF0FCB659F1}"
EndProject
Project("{9A19103F-16F7-4668-BE54-9A1E7A4F7556}") = "Mapper", "..\MappingEngine.Core\Mapper.csproj", "{35FD17E6-E593-47CD-A8A4-F9B05A70AD72}"
EndProject
Project("{9A19103F-16F7-4668-BE54-9A1E7A4F7556}") = "Models", "..\Models\Models.csproj", "{B90A67C6-12EC-4F42-A500-F279457F49E6}"
EndProject
Project("{9A19103F-16F7-4668-BE54-9A1E7A4F7556}") = "Common", "..\Common\Common.csproj", "{871AD846-65E3-4322-86A3-54E006D4DC6A}"
EndProject
Project("{FAE04EC0-301F-11D3-BF4B-00C04F79EFBC}") = "DynamicMapEngine.Tests", "..\DynamicMapEngine.Tests\DynamicMapEngine.Tests.csproj", "{4337B0EB-D3D3-4797-B77E-4247B447D546}"
EndProject
Global
	GlobalSection(SolutionConfigurationPlatforms) = preSolution
		Debug|Any CPU = Debug|Any CPU
		Release|Any CPU = Release|Any CPU
	EndGlobalSection
	GlobalSection(ProjectConfigurationPlatforms) = postSolution
		{B2A2860E-2891-48D4-9341-6AF0FCB659F1}.Debug|Any CPU.ActiveCfg = Debug|Any CPU
		{B2A2860E-2891-48D4-9341-6AF0FCB659F1}.Debug|Any CPU.Build.0 = Debug|Any CPU
		{B2A2860E-2891-48D4-9341-6AF0FCB659F1}.Release|Any CPU.ActiveCfg = Release|Any CPU
		{B2A2860E-2891-48D4-9341-6AF0FCB659F1}.Release|Any CPU.Build.0 = Release|Any CPU
		{35FD17E6-E593-47CD-A8A4-F9B05A70AD72}.Debug|Any CPU.ActiveCfg = Debug|Any CPU
		{35FD17E6-E593-47CD-A8A4-F9B05A70AD72}.Debug|Any CPU.Build.0 = Debug|Any CPU
		{35FD17E6-E593-47CD-A8A4-F9B05A70AD72}.Release|Any CPU.ActiveCfg = Release|Any CPU
		{35FD17E6-E593-47CD-A8A4-F9B05A70AD72}.Release|Any CPU.Build.0 = Release|Any CPU
		{B90A67C6-12EC-4F42-A500-F279457F49E6}.Debug|Any CPU.ActiveCfg = Debug|Any CPU
		{B90A67C6-12EC-4F42-A500-F279457F49E6}.Debug|Any CPU.Build.0 = Debug|Any CPU
		{B90A67C6-12EC-4F42-A500-F279457F49E6}.Release|Any CPU.ActiveCfg = Release|Any CPU
		{B90A67C6-12EC-4F42-A500-F279457F49E6}.Release|Any CPU.Build.0 = Release|Any CPU
		{871AD846-65E3-4322-86A3-54E006D4DC6A}.Debug|Any CPU.ActiveCfg = Debug|Any CPU
		{871AD846-65E3-4322-86A3-54E006D4DC6A}.Debug|Any CPU.Build.0 = Debug|Any CPU
		{871AD846-65E3-4322-86A3-54E006D4DC6A}.Release|Any CPU.ActiveCfg = Release|Any CPU
		{871AD846-65E3-4322-86A3-54E006D4DC6A}.Release|Any CPU.Build.0 = Release|Any CPU
		{4337B0EB-D3D3-4797-B77E-4247B447D546}.Debug|Any CPU.ActiveCfg = Debug|Any CPU
		{4337B0EB-D3D3-4797-B77E-4247B447D546}.Debug|Any CPU.Build.0 = Debug|Any CPU
		{4337B0EB-D3D3-4797-B77E-4247B447D546}.Release|Any CPU.ActiveCfg = Release|Any CPU
		{4337B0EB-D3D3-4797-B77E-4247B447D546}.Release|Any CPU.Build.0 = Release|Any CPU
	EndGlobalSection
	GlobalSection(SolutionProperties) = preSolution
		HideSolutionNode = FALSE
	EndGlobalSection
	GlobalSection(ExtensibilityGlobals) = postSolution
		SolutionGuid = {2A84576E-1640-4AA3-9B53-CE025AB4EBFE}
	EndGlobalSection
EndGlobal
